Microsoft Visual Studio Solution File, Format Version 11.00
# Visual Studio 2008

Project("{64842D33-BB60-36DE-D2C2-1E2A95F39892}") = "ProjectFolders", "Assembly-CSharp.csproj", "{61E5CCB6-9695-7EA3-5FE2-47D53E9A43C6}"
EndProject
Global
	GlobalSection(SolutionConfigurationPlatforms) = preSolution
		Debug|Any CPU = Debug|Any CPU
		Release|Any CPU = Release|Any CPU
	EndGlobalSection
	GlobalSection(ProjectConfigurationPlatforms) = postSolution
		{61E5CCB6-9695-7EA3-5FE2-47D53E9A43C6}.Debug|Any CPU.ActiveCfg = Debug|Any CPU
		{61E5CCB6-9695-7EA3-5FE2-47D53E9A43C6}.Debug|Any CPU.Build.0 = Debug|Any CPU
		{61E5CCB6-9695-7EA3-5FE2-47D53E9A43C6}.Release|Any CPU.ActiveCfg = Release|Any CPU
		{61E5CCB6-9695-7EA3-5FE2-47D53E9A43C6}.Release|Any CPU.Build.0 = Release|Any CPU
	EndGlobalSection
	GlobalSection(SolutionProperties) = preSolution
		HideSolutionNode = FALSE
	EndGlobalSection
																																										GlobalSection(MonoDevelopProperties) = preSolution
=======
																																									GlobalSection(MonoDevelopProperties) = preSolution
>>>>>>> d7e1be70d32b4c57977f66b99d713d796794776e
=======
																																				GlobalSection(MonoDevelopProperties) = preSolution
>>>>>>> 85d86e840d1335d9300b310b37f499333367d998
=======
																																					GlobalSection(MonoDevelopProperties) = preSolution
>>>>>>> 3579182061a66af8ff88009aa8e4731491a8ba72
=======
																																								GlobalSection(MonoDevelopProperties) = preSolution
>>>>>>> 34cf0795ffcfa3be91e596bd987e5518503b4055
		StartupItem = Assembly-CSharp.csproj
		Policies = $0
		$0.TextStylePolicy = $1
		$1.inheritsSet = null
		$1.scope = text/x-csharp
		$0.CSharpFormattingPolicy = $2
		$2.inheritsSet = Mono
		$2.inheritsScope = text/x-csharp
		$2.scope = text/x-csharp
		$0.TextStylePolicy = $3
		$3.FileWidth = 120
		$3.TabWidth = 4
		$3.EolMarker = Unix
		$3.inheritsSet = Mono
		$3.inheritsScope = text/plain
		$3.scope = text/plain
	EndGlobalSection

EndGlobal
